{
  "originHash" : "b41148d15eb933ddd50f75d8904af0cf28e54438dc6da09af03b15663d06fc14",
  "pins" : [
    {
      "identity" : "litert-lm",
      "kind" : "remoteSourceControl",
      "location" : "https://github.com/google-ai-edge/LiteRT-LM.git",
      "state" : {
        "revision" : "a0afb5a56acd106b23a2b2385b8469834dc268c0"
      }
    }
  ],
  "version" : 3
}
